
Microsoft Visual Studio Solution File, Format Version 12.00
# Visual Studio Version 17
VisualStudioVersion = 17.9.34622.214
MinimumVisualStudioVersion = 10.0.40219.1
Project("{2150E333-8FDC-42A3-9474-1A3956D46DE8}") = "HotelModule", "HotelModule", "{2A66CE32-7A63-4F3B-960C-92AE632C4981}"
EndProject
Project("{2150E333-8FDC-42A3-9474-1A3956D46DE8}") = "ReportModule", "ReportModule", "{57A58FA5-5A6D-44DA-97E9-91DBE323F12E}"
EndProject
Global
	GlobalSection(SolutionProperties) = preSolution
		HideSolutionNode = FALSE
	EndGlobalSection
	GlobalSection(ExtensibilityGlobals) = postSolution
		SolutionGuid = {4DC49B52-9695-48D5-8337-06F5FD4B9959}
	EndGlobalSection
EndGlobal
