
Microsoft Visual Studio Solution File, Format Version 12.00
# Visual Studio Version 17
VisualStudioVersion = 17.9.34622.214
MinimumVisualStudioVersion = 10.0.40219.1
Project("{2150E333-8FDC-42A3-9474-1A3956D46DE8}") = "HotelModule", "HotelModule", "{2A66CE32-7A63-4F3B-960C-92AE632C4981}"
EndProject
Project("{2150E333-8FDC-42A3-9474-1A3956D46DE8}") = "ReportModule", "ReportModule", "{57A58FA5-5A6D-44DA-97E9-91DBE323F12E}"
EndProject
Project("{9A19103F-16F7-4668-BE54-9A1E7A4F7556}") = "HotelService.API", "HotelService.API\HotelService.API.csproj", "{958C3707-1DD4-4CEB-99C1-3A355B026627}"
EndProject
Project("{9A19103F-16F7-4668-BE54-9A1E7A4F7556}") = "HotelService.Data", "HotelService.Data\HotelService.Data.csproj", "{087C4802-296A-4CEF-A932-E1F156BDE1A3}"
EndProject
Project("{9A19103F-16F7-4668-BE54-9A1E7A4F7556}") = "HotelServiceAPI.UnitTest", "HotelServiceAPI.UnitTest\HotelServiceAPI.UnitTest.csproj", "{6DAA9949-4D3A-4E12-97A7-12DC6A837AC5}"
EndProject
Project("{FAE04EC0-301F-11D3-BF4B-00C04F79EFBC}") = "ReportService.API", "ReportService.API\ReportService.API.csproj", "{A0B7956D-7594-4B1C-BDB9-339F694ADD69}"
EndProject
Project("{FAE04EC0-301F-11D3-BF4B-00C04F79EFBC}") = "ReportService.Data", "ReportService.Data\ReportService.Data.csproj", "{B821C615-DF40-4E5E-A7D8-623C8FFB4FF0}"
EndProject
Global
	GlobalSection(SolutionConfigurationPlatforms) = preSolution
		Debug|Any CPU = Debug|Any CPU
		Release|Any CPU = Release|Any CPU
	EndGlobalSection
	GlobalSection(ProjectConfigurationPlatforms) = postSolution
		{958C3707-1DD4-4CEB-99C1-3A355B026627}.Debug|Any CPU.ActiveCfg = Debug|Any CPU
		{958C3707-1DD4-4CEB-99C1-3A355B026627}.Debug|Any CPU.Build.0 = Debug|Any CPU
		{958C3707-1DD4-4CEB-99C1-3A355B026627}.Release|Any CPU.ActiveCfg = Release|Any CPU
		{958C3707-1DD4-4CEB-99C1-3A355B026627}.Release|Any CPU.Build.0 = Release|Any CPU
		{087C4802-296A-4CEF-A932-E1F156BDE1A3}.Debug|Any CPU.ActiveCfg = Debug|Any CPU
		{087C4802-296A-4CEF-A932-E1F156BDE1A3}.Debug|Any CPU.Build.0 = Debug|Any CPU
		{087C4802-296A-4CEF-A932-E1F156BDE1A3}.Release|Any CPU.ActiveCfg = Release|Any CPU
		{087C4802-296A-4CEF-A932-E1F156BDE1A3}.Release|Any CPU.Build.0 = Release|Any CPU
		{6DAA9949-4D3A-4E12-97A7-12DC6A837AC5}.Debug|Any CPU.ActiveCfg = Debug|Any CPU
		{6DAA9949-4D3A-4E12-97A7-12DC6A837AC5}.Debug|Any CPU.Build.0 = Debug|Any CPU
		{6DAA9949-4D3A-4E12-97A7-12DC6A837AC5}.Release|Any CPU.ActiveCfg = Release|Any CPU
		{6DAA9949-4D3A-4E12-97A7-12DC6A837AC5}.Release|Any CPU.Build.0 = Release|Any CPU
		{A0B7956D-7594-4B1C-BDB9-339F694ADD69}.Debug|Any CPU.ActiveCfg = Debug|Any CPU
		{A0B7956D-7594-4B1C-BDB9-339F694ADD69}.Debug|Any CPU.Build.0 = Debug|Any CPU
		{A0B7956D-7594-4B1C-BDB9-339F694ADD69}.Release|Any CPU.ActiveCfg = Release|Any CPU
		{A0B7956D-7594-4B1C-BDB9-339F694ADD69}.Release|Any CPU.Build.0 = Release|Any CPU
		{B821C615-DF40-4E5E-A7D8-623C8FFB4FF0}.Debug|Any CPU.ActiveCfg = Debug|Any CPU
		{B821C615-DF40-4E5E-A7D8-623C8FFB4FF0}.Debug|Any CPU.Build.0 = Debug|Any CPU
		{B821C615-DF40-4E5E-A7D8-623C8FFB4FF0}.Release|Any CPU.ActiveCfg = Release|Any CPU
		{B821C615-DF40-4E5E-A7D8-623C8FFB4FF0}.Release|Any CPU.Build.0 = Release|Any CPU
	EndGlobalSection
	GlobalSection(SolutionProperties) = preSolution
		HideSolutionNode = FALSE
	EndGlobalSection
	GlobalSection(NestedProjects) = preSolution
		{958C3707-1DD4-4CEB-99C1-3A355B026627} = {2A66CE32-7A63-4F3B-960C-92AE632C4981}
		{087C4802-296A-4CEF-A932-E1F156BDE1A3} = {2A66CE32-7A63-4F3B-960C-92AE632C4981}
		{A0B7956D-7594-4B1C-BDB9-339F694ADD69} = {57A58FA5-5A6D-44DA-97E9-91DBE323F12E}
		{B821C615-DF40-4E5E-A7D8-623C8FFB4FF0} = {57A58FA5-5A6D-44DA-97E9-91DBE323F12E}
	EndGlobalSection
	GlobalSection(ExtensibilityGlobals) = postSolution
		SolutionGuid = {4DC49B52-9695-48D5-8337-06F5FD4B9959}
	EndGlobalSection
EndGlobal
